// !$*UTF8*$!
{
	archiveVersion = 1;
	classes = {
	};
	objectVersion = 51;
	objects = {

/* Begin PBXBuildFile section */
		1BD59B62A469566F07D126F3 /* Pods_ParseTagramTests.framework in Frameworks */ = {isa = PBXBuildFile; fileRef = EF5C782F23C637C038103E2A /* Pods_ParseTagramTests.framework */; };
		1D5B848A254D2A620010E818 /* Login_logout_across_restarts.gif in Resources */ = {isa = PBXBuildFile; fileRef = 1D5B8488254D2A600010E818 /* Login_logout_across_restarts.gif */; };
		1D5B848B254D2A620010E818 /* post_view_post.gif in Resources */ = {isa = PBXBuildFile; fileRef = 1D5B8489254D2A610010E818 /* post_view_post.gif */; };
		1D5B8490254D2BC70010E818 /* update_profile_pic.gif in Resources */ = {isa = PBXBuildFile; fileRef = 1D5B848F254D2BC70010E818 /* update_profile_pic.gif */; };
		1D5B8496254D2F310010E818 /* login_more_deets.gif in Resources */ = {isa = PBXBuildFile; fileRef = 1D5B8494254D2F300010E818 /* login_more_deets.gif */; };
		1D5B8497254D2F310010E818 /* change_profile_image_more_deets.gif in Resources */ = {isa = PBXBuildFile; fileRef = 1D5B8495254D2F310010E818 /* change_profile_image_more_deets.gif */; };
		1D62CA1F253BD5240000F656 /* AppDelegate.swift in Sources */ = {isa = PBXBuildFile; fileRef = 1D62CA1E253BD5240000F656 /* AppDelegate.swift */; };
		1D62CA21253BD5240000F656 /* SceneDelegate.swift in Sources */ = {isa = PBXBuildFile; fileRef = 1D62CA20253BD5240000F656 /* SceneDelegate.swift */; };
		1D62CA26253BD5240000F656 /* Main.storyboard in Resources */ = {isa = PBXBuildFile; fileRef = 1D62CA24253BD5240000F656 /* Main.storyboard */; };
		1D62CA28253BD5250000F656 /* Assets.xcassets in Resources */ = {isa = PBXBuildFile; fileRef = 1D62CA27253BD5250000F656 /* Assets.xcassets */; };
		1D62CA2B253BD5250000F656 /* LaunchScreen.storyboard in Resources */ = {isa = PBXBuildFile; fileRef = 1D62CA29253BD5250000F656 /* LaunchScreen.storyboard */; };
		1D62CA36253BD5250000F656 /* ParseTagramTests.swift in Sources */ = {isa = PBXBuildFile; fileRef = 1D62CA35253BD5250000F656 /* ParseTagramTests.swift */; };
		1D62CA41253BD5250000F656 /* ParseTagramUITests.swift in Sources */ = {isa = PBXBuildFile; fileRef = 1D62CA40253BD5250000F656 /* ParseTagramUITests.swift */; };
		1D62CA5E253BE12D0000F656 /* LoginViewController.swift in Sources */ = {isa = PBXBuildFile; fileRef = 1D62CA5D253BE12D0000F656 /* LoginViewController.swift */; };
		1D62CA6C253BECF20000F656 /* CameraViewController.swift in Sources */ = {isa = PBXBuildFile; fileRef = 1D62CA6B253BECF20000F656 /* CameraViewController.swift */; };
		1D692D16254C7C3E00A4B49C /* ShowCommentTableViewCell.swift in Sources */ = {isa = PBXBuildFile; fileRef = 1D692D15254C7C3E00A4B49C /* ShowCommentTableViewCell.swift */; };
		1D692D1B254C7C6E00A4B49C /* NewCommentTableViewCell.swift in Sources */ = {isa = PBXBuildFile; fileRef = 1D692D1A254C7C6E00A4B49C /* NewCommentTableViewCell.swift */; };
		1D692D2C254CE8A600A4B49C /* ProfileViewController.swift in Sources */ = {isa = PBXBuildFile; fileRef = 1D692D2B254CE8A600A4B49C /* ProfileViewController.swift */; };
		1D692D31254CEA2800A4B49C /* ImageCollectionViewCell.swift in Sources */ = {isa = PBXBuildFile; fileRef = 1D692D30254CEA2800A4B49C /* ImageCollectionViewCell.swift */; };
		1D692D36254CEC9C00A4B49C /* ProfileCameraViewController.swift in Sources */ = {isa = PBXBuildFile; fileRef = 1D692D35254CEC9C00A4B49C /* ProfileCameraViewController.swift */; };
		1D692D3B254CED1600A4B49C /* Utility.swift in Sources */ = {isa = PBXBuildFile; fileRef = 1D692D3A254CED1600A4B49C /* Utility.swift */; };
		1D692D40254CF0CC00A4B49C /* ProfileModel.swift in Sources */ = {isa = PBXBuildFile; fileRef = 1D692D3F254CF0CC00A4B49C /* ProfileModel.swift */; };
		1D9AB7A1254338CB00DB267C /* FeedViewController.swift in Sources */ = {isa = PBXBuildFile; fileRef = 1D9AB7A0254338CB00DB267C /* FeedViewController.swift */; };
		1D9AB7A6254339A300DB267C /* FeedTableViewCell.swift in Sources */ = {isa = PBXBuildFile; fileRef = 1D9AB7A5254339A300DB267C /* FeedTableViewCell.swift */; };
		1D9AB7AB2543509400DB267C /* LoadingTableViewCell.swift in Sources */ = {isa = PBXBuildFile; fileRef = 1D9AB7AA2543509400DB267C /* LoadingTableViewCell.swift */; };
		1D9AB7B02543622200DB267C /* FeedModel.swift in Sources */ = {isa = PBXBuildFile; fileRef = 1D9AB7AF2543622200DB267C /* FeedModel.swift */; };
		1D9AB7B52543A6B100DB267C /* Constants.swift in Sources */ = {isa = PBXBuildFile; fileRef = 1D9AB7B42543A6B100DB267C /* Constants.swift */; };
		1D9AB7BA2543B88400DB267C /* AccountModel.swift in Sources */ = {isa = PBXBuildFile; fileRef = 1D9AB7B92543B88400DB267C /* AccountModel.swift */; };
		9DBE08E9B20DCF0FB09BE826 /* Pods_ParseTagram_ParseTagramUITests.framework in Frameworks */ = {isa = PBXBuildFile; fileRef = 1B80AA5699493C6CA6127F8D /* Pods_ParseTagram_ParseTagramUITests.framework */; };
		DA23A8B5FD84BD865E9DC1B2 /* Pods_ParseTagram.framework in Frameworks */ = {isa = PBXBuildFile; fileRef = AFF57C5403FA5F2D29D79193 /* Pods_ParseTagram.framework */; };
/* End PBXBuildFile section */

/* Begin PBXContainerItemProxy section */
		1D62CA32253BD5250000F656 /* PBXContainerItemProxy */ = {
			isa = PBXContainerItemProxy;
			containerPortal = 1D62CA13253BD5240000F656 /* Project object */;
			proxyType = 1;
			remoteGlobalIDString = 1D62CA1A253BD5240000F656;
			remoteInfo = ParseTagram;
		};
		1D62CA3D253BD5250000F656 /* PBXContainerItemProxy */ = {
			isa = PBXContainerItemProxy;
			containerPortal = 1D62CA13253BD5240000F656 /* Project object */;
			proxyType = 1;
			remoteGlobalIDString = 1D62CA1A253BD5240000F656;
			remoteInfo = ParseTagram;
		};
/* End PBXContainerItemProxy section */

/* Begin PBXFileReference section */
		1B80AA5699493C6CA6127F8D /* Pods_ParseTagram_ParseTagramUITests.framework */ = {isa = PBXFileReference; explicitFileType = wrapper.framework; includeInIndex = 0; path = Pods_ParseTagram_ParseTagramUITests.framework; sourceTree = BUILT_PRODUCTS_DIR; };
		1D5B8488254D2A600010E818 /* Login_logout_across_restarts.gif */ = {isa = PBXFileReference; lastKnownFileType = image.gif; path = Login_logout_across_restarts.gif; sourceTree = "<group>"; };
		1D5B8489254D2A610010E818 /* post_view_post.gif */ = {isa = PBXFileReference; lastKnownFileType = image.gif; path = post_view_post.gif; sourceTree = "<group>"; };
		1D5B848F254D2BC70010E818 /* update_profile_pic.gif */ = {isa = PBXFileReference; lastKnownFileType = image.gif; path = update_profile_pic.gif; sourceTree = "<group>"; };
		1D5B8494254D2F300010E818 /* login_more_deets.gif */ = {isa = PBXFileReference; lastKnownFileType = image.gif; path = login_more_deets.gif; sourceTree = "<group>"; };
		1D5B8495254D2F310010E818 /* change_profile_image_more_deets.gif */ = {isa = PBXFileReference; lastKnownFileType = image.gif; path = change_profile_image_more_deets.gif; sourceTree = "<group>"; };
		1D62CA1B253BD5240000F656 /* ParseTagram.app */ = {isa = PBXFileReference; explicitFileType = wrapper.application; includeInIndex = 0; path = ParseTagram.app; sourceTree = BUILT_PRODUCTS_DIR; };
		1D62CA1E253BD5240000F656 /* AppDelegate.swift */ = {isa = PBXFileReference; lastKnownFileType = sourcecode.swift; path = AppDelegate.swift; sourceTree = "<group>"; };
		1D62CA20253BD5240000F656 /* SceneDelegate.swift */ = {isa = PBXFileReference; lastKnownFileType = sourcecode.swift; path = SceneDelegate.swift; sourceTree = "<group>"; };
		1D62CA25253BD5240000F656 /* Base */ = {isa = PBXFileReference; lastKnownFileType = file.storyboard; name = Base; path = Base.lproj/Main.storyboard; sourceTree = "<group>"; };
		1D62CA27253BD5250000F656 /* Assets.xcassets */ = {isa = PBXFileReference; lastKnownFileType = folder.assetcatalog; path = Assets.xcassets; sourceTree = "<group>"; };
		1D62CA2A253BD5250000F656 /* Base */ = {isa = PBXFileReference; lastKnownFileType = file.storyboard; name = Base; path = Base.lproj/LaunchScreen.storyboard; sourceTree = "<group>"; };
		1D62CA2C253BD5250000F656 /* Info.plist */ = {isa = PBXFileReference; lastKnownFileType = text.plist.xml; path = Info.plist; sourceTree = "<group>"; };
		1D62CA31253BD5250000F656 /* ParseTagramTests.xctest */ = {isa = PBXFileReference; explicitFileType = wrapper.cfbundle; includeInIndex = 0; path = ParseTagramTests.xctest; sourceTree = BUILT_PRODUCTS_DIR; };
		1D62CA35253BD5250000F656 /* ParseTagramTests.swift */ = {isa = PBXFileReference; lastKnownFileType = sourcecode.swift; path = ParseTagramTests.swift; sourceTree = "<group>"; };
		1D62CA37253BD5250000F656 /* Info.plist */ = {isa = PBXFileReference; lastKnownFileType = text.plist.xml; path = Info.plist; sourceTree = "<group>"; };
		1D62CA3C253BD5250000F656 /* ParseTagramUITests.xctest */ = {isa = PBXFileReference; explicitFileType = wrapper.cfbundle; includeInIndex = 0; path = ParseTagramUITests.xctest; sourceTree = BUILT_PRODUCTS_DIR; };
		1D62CA40253BD5250000F656 /* ParseTagramUITests.swift */ = {isa = PBXFileReference; lastKnownFileType = sourcecode.swift; path = ParseTagramUITests.swift; sourceTree = "<group>"; };
		1D62CA42253BD5250000F656 /* Info.plist */ = {isa = PBXFileReference; lastKnownFileType = text.plist.xml; path = Info.plist; sourceTree = "<group>"; };
		1D62CA5D253BE12D0000F656 /* LoginViewController.swift */ = {isa = PBXFileReference; lastKnownFileType = sourcecode.swift; path = LoginViewController.swift; sourceTree = "<group>"; };
		1D62CA6B253BECF20000F656 /* CameraViewController.swift */ = {isa = PBXFileReference; lastKnownFileType = sourcecode.swift; path = CameraViewController.swift; sourceTree = "<group>"; };
		1D692D15254C7C3E00A4B49C /* ShowCommentTableViewCell.swift */ = {isa = PBXFileReference; lastKnownFileType = sourcecode.swift; path = ShowCommentTableViewCell.swift; sourceTree = "<group>"; };
		1D692D1A254C7C6E00A4B49C /* NewCommentTableViewCell.swift */ = {isa = PBXFileReference; lastKnownFileType = sourcecode.swift; path = NewCommentTableViewCell.swift; sourceTree = "<group>"; };
		1D692D2B254CE8A600A4B49C /* ProfileViewController.swift */ = {isa = PBXFileReference; lastKnownFileType = sourcecode.swift; name = ProfileViewController.swift; path = ParseTagram/ViewControllers/ProfileViewController.swift; sourceTree = SOURCE_ROOT; };
		1D692D30254CEA2800A4B49C /* ImageCollectionViewCell.swift */ = {isa = PBXFileReference; lastKnownFileType = sourcecode.swift; path = ImageCollectionViewCell.swift; sourceTree = "<group>"; };
		1D692D35254CEC9C00A4B49C /* ProfileCameraViewController.swift */ = {isa = PBXFileReference; lastKnownFileType = sourcecode.swift; path = ProfileCameraViewController.swift; sourceTree = "<group>"; };
		1D692D3A254CED1600A4B49C /* Utility.swift */ = {isa = PBXFileReference; lastKnownFileType = sourcecode.swift; path = Utility.swift; sourceTree = "<group>"; };
		1D692D3F254CF0CC00A4B49C /* ProfileModel.swift */ = {isa = PBXFileReference; lastKnownFileType = sourcecode.swift; path = ProfileModel.swift; sourceTree = "<group>"; };
		1D9AB7A0254338CB00DB267C /* FeedViewController.swift */ = {isa = PBXFileReference; lastKnownFileType = sourcecode.swift; path = FeedViewController.swift; sourceTree = "<group>"; };
		1D9AB7A5254339A300DB267C /* FeedTableViewCell.swift */ = {isa = PBXFileReference; lastKnownFileType = sourcecode.swift; path = FeedTableViewCell.swift; sourceTree = "<group>"; };
		1D9AB7AA2543509400DB267C /* LoadingTableViewCell.swift */ = {isa = PBXFileReference; lastKnownFileType = sourcecode.swift; path = LoadingTableViewCell.swift; sourceTree = "<group>"; };
		1D9AB7AF2543622200DB267C /* FeedModel.swift */ = {isa = PBXFileReference; lastKnownFileType = sourcecode.swift; path = FeedModel.swift; sourceTree = "<group>"; };
		1D9AB7B42543A6B100DB267C /* Constants.swift */ = {isa = PBXFileReference; lastKnownFileType = sourcecode.swift; path = Constants.swift; sourceTree = "<group>"; };
		1D9AB7B92543B88400DB267C /* AccountModel.swift */ = {isa = PBXFileReference; lastKnownFileType = sourcecode.swift; path = AccountModel.swift; sourceTree = "<group>"; };
		6D140AB882500D1809CA49E0 /* Pods-ParseTagram.release.xcconfig */ = {isa = PBXFileReference; includeInIndex = 1; lastKnownFileType = text.xcconfig; name = "Pods-ParseTagram.release.xcconfig"; path = "Target Support Files/Pods-ParseTagram/Pods-ParseTagram.release.xcconfig"; sourceTree = "<group>"; };
		7E29F22C1C11F912BD5ECB68 /* Pods-ParseTagramTests.debug.xcconfig */ = {isa = PBXFileReference; includeInIndex = 1; lastKnownFileType = text.xcconfig; name = "Pods-ParseTagramTests.debug.xcconfig"; path = "Target Support Files/Pods-ParseTagramTests/Pods-ParseTagramTests.debug.xcconfig"; sourceTree = "<group>"; };
		ADF93A24F95BC274BF8ACF6D /* Pods-ParseTagramTests.release.xcconfig */ = {isa = PBXFileReference; includeInIndex = 1; lastKnownFileType = text.xcconfig; name = "Pods-ParseTagramTests.release.xcconfig"; path = "Target Support Files/Pods-ParseTagramTests/Pods-ParseTagramTests.release.xcconfig"; sourceTree = "<group>"; };
		AFF57C5403FA5F2D29D79193 /* Pods_ParseTagram.framework */ = {isa = PBXFileReference; explicitFileType = wrapper.framework; includeInIndex = 0; path = Pods_ParseTagram.framework; sourceTree = BUILT_PRODUCTS_DIR; };
		B9070B1CD6D484730FB9A275 /* Pods-ParseTagram.debug.xcconfig */ = {isa = PBXFileReference; includeInIndex = 1; lastKnownFileType = text.xcconfig; name = "Pods-ParseTagram.debug.xcconfig"; path = "Target Support Files/Pods-ParseTagram/Pods-ParseTagram.debug.xcconfig"; sourceTree = "<group>"; };
		BA8439910CC6021F6F8589D4 /* Pods-ParseTagram-ParseTagramUITests.debug.xcconfig */ = {isa = PBXFileReference; includeInIndex = 1; lastKnownFileType = text.xcconfig; name = "Pods-ParseTagram-ParseTagramUITests.debug.xcconfig"; path = "Target Support Files/Pods-ParseTagram-ParseTagramUITests/Pods-ParseTagram-ParseTagramUITests.debug.xcconfig"; sourceTree = "<group>"; };
		DFEDB6B8D9D2C91FBD51BEA2 /* Pods-ParseTagram-ParseTagramUITests.release.xcconfig */ = {isa = PBXFileReference; includeInIndex = 1; lastKnownFileType = text.xcconfig; name = "Pods-ParseTagram-ParseTagramUITests.release.xcconfig"; path = "Target Support Files/Pods-ParseTagram-ParseTagramUITests/Pods-ParseTagram-ParseTagramUITests.release.xcconfig"; sourceTree = "<group>"; };
		EF5C782F23C637C038103E2A /* Pods_ParseTagramTests.framework */ = {isa = PBXFileReference; explicitFileType = wrapper.framework; includeInIndex = 0; path = Pods_ParseTagramTests.framework; sourceTree = BUILT_PRODUCTS_DIR; };
/* End PBXFileReference section */

/* Begin PBXFrameworksBuildPhase section */
		1D62CA18253BD5240000F656 /* Frameworks */ = {
			isa = PBXFrameworksBuildPhase;
			buildActionMask = 2147483647;
			files = (
				DA23A8B5FD84BD865E9DC1B2 /* Pods_ParseTagram.framework in Frameworks */,
			);
			runOnlyForDeploymentPostprocessing = 0;
		};
		1D62CA2E253BD5250000F656 /* Frameworks */ = {
			isa = PBXFrameworksBuildPhase;
			buildActionMask = 2147483647;
			files = (
				1BD59B62A469566F07D126F3 /* Pods_ParseTagramTests.framework in Frameworks */,
			);
			runOnlyForDeploymentPostprocessing = 0;
		};
		1D62CA39253BD5250000F656 /* Frameworks */ = {
			isa = PBXFrameworksBuildPhase;
			buildActionMask = 2147483647;
			files = (
				9DBE08E9B20DCF0FB09BE826 /* Pods_ParseTagram_ParseTagramUITests.framework in Frameworks */,
			);
			runOnlyForDeploymentPostprocessing = 0;
		};
/* End PBXFrameworksBuildPhase section */

/* Begin PBXGroup section */
		1D5B8486254D2A320010E818 /* gifs */ = {
			isa = PBXGroup;
			children = (
				1D5B8488254D2A600010E818 /* Login_logout_across_restarts.gif */,
				1D5B8495254D2F310010E818 /* change_profile_image_more_deets.gif */,
				1D5B8494254D2F300010E818 /* login_more_deets.gif */,
				1D5B8489254D2A610010E818 /* post_view_post.gif */,
				1D5B848F254D2BC70010E818 /* update_profile_pic.gif */,
			);
			path = gifs;
			sourceTree = "<group>";
		};
		1D5B8487254D2A3E0010E818 /* Utilities */ = {
			isa = PBXGroup;
			children = (
				1D9AB7B42543A6B100DB267C /* Constants.swift */,
				1D692D3A254CED1600A4B49C /* Utility.swift */,
			);
			path = Utilities;
			sourceTree = "<group>";
		};
		1D62CA12253BD5240000F656 = {
			isa = PBXGroup;
			children = (
				1D62CA1D253BD5240000F656 /* ParseTagram */,
				1D62CA34253BD5250000F656 /* ParseTagramTests */,
				1D62CA3F253BD5250000F656 /* ParseTagramUITests */,
				1D62CA1C253BD5240000F656 /* Products */,
				4F54B8B9871064AD1EFDC7B8 /* Pods */,
				CB4C625EEE274C36752D826C /* Frameworks */,
			);
			sourceTree = "<group>";
		};
		1D62CA1C253BD5240000F656 /* Products */ = {
			isa = PBXGroup;
			children = (
				1D62CA1B253BD5240000F656 /* ParseTagram.app */,
				1D62CA31253BD5250000F656 /* ParseTagramTests.xctest */,
				1D62CA3C253BD5250000F656 /* ParseTagramUITests.xctest */,
			);
			name = Products;
			sourceTree = "<group>";
		};
		1D62CA1D253BD5240000F656 /* ParseTagram */ = {
			isa = PBXGroup;
			children = (
				1D62CA1E253BD5240000F656 /* AppDelegate.swift */,
				1D62CA20253BD5240000F656 /* SceneDelegate.swift */,
				1D62CA24253BD5240000F656 /* Main.storyboard */,
				1D9AB7C02543BE5B00DB267C /* Cells */,
				1D9AB7BE2543BDFF00DB267C /* ViewControllers */,
				1D9AB7BF2543BE2000DB267C /* Models */,
				1D5B8487254D2A3E0010E818 /* Utilities */,
				1D5B8486254D2A320010E818 /* gifs */,
				1D62CA27253BD5250000F656 /* Assets.xcassets */,
				1D62CA29253BD5250000F656 /* LaunchScreen.storyboard */,
				1D62CA2C253BD5250000F656 /* Info.plist */,
			);
			path = ParseTagram;
			sourceTree = "<group>";
		};
		1D62CA34253BD5250000F656 /* ParseTagramTests */ = {
			isa = PBXGroup;
			children = (
				1D62CA35253BD5250000F656 /* ParseTagramTests.swift */,
				1D62CA37253BD5250000F656 /* Info.plist */,
			);
			path = ParseTagramTests;
			sourceTree = "<group>";
		};
		1D62CA3F253BD5250000F656 /* ParseTagramUITests */ = {
			isa = PBXGroup;
			children = (
				1D62CA40253BD5250000F656 /* ParseTagramUITests.swift */,
				1D62CA42253BD5250000F656 /* Info.plist */,
			);
			path = ParseTagramUITests;
			sourceTree = "<group>";
		};
		1D9AB7BE2543BDFF00DB267C /* ViewControllers */ = {
			isa = PBXGroup;
			children = (
				1D9AB7A0254338CB00DB267C /* FeedViewController.swift */,
				1D62CA6B253BECF20000F656 /* CameraViewController.swift */,
				1D692D35254CEC9C00A4B49C /* ProfileCameraViewController.swift */,
				1D62CA5D253BE12D0000F656 /* LoginViewController.swift */,
				1D692D2B254CE8A600A4B49C /* ProfileViewController.swift */,
			);
			path = ViewControllers;
			sourceTree = "<group>";
		};
		1D9AB7BF2543BE2000DB267C /* Models */ = {
			isa = PBXGroup;
			children = (
				1D9AB7B92543B88400DB267C /* AccountModel.swift */,
				1D9AB7AF2543622200DB267C /* FeedModel.swift */,
				1D692D3F254CF0CC00A4B49C /* ProfileModel.swift */,
			);
			path = Models;
			sourceTree = "<group>";
		};
		1D9AB7C02543BE5B00DB267C /* Cells */ = {
			isa = PBXGroup;
			children = (
				1D692D30254CEA2800A4B49C /* ImageCollectionViewCell.swift */,
				1D9AB7AA2543509400DB267C /* LoadingTableViewCell.swift */,
				1D9AB7A5254339A300DB267C /* FeedTableViewCell.swift */,
				1D692D15254C7C3E00A4B49C /* ShowCommentTableViewCell.swift */,
				1D692D1A254C7C6E00A4B49C /* NewCommentTableViewCell.swift */,
			);
			path = Cells;
			sourceTree = "<group>";
		};
		4F54B8B9871064AD1EFDC7B8 /* Pods */ = {
			isa = PBXGroup;
			children = (
				B9070B1CD6D484730FB9A275 /* Pods-ParseTagram.debug.xcconfig */,
				6D140AB882500D1809CA49E0 /* Pods-ParseTagram.release.xcconfig */,
				BA8439910CC6021F6F8589D4 /* Pods-ParseTagram-ParseTagramUITests.debug.xcconfig */,
				DFEDB6B8D9D2C91FBD51BEA2 /* Pods-ParseTagram-ParseTagramUITests.release.xcconfig */,
				7E29F22C1C11F912BD5ECB68 /* Pods-ParseTagramTests.debug.xcconfig */,
				ADF93A24F95BC274BF8ACF6D /* Pods-ParseTagramTests.release.xcconfig */,
			);
			path = Pods;
			sourceTree = "<group>";
		};
		CB4C625EEE274C36752D826C /* Frameworks */ = {
			isa = PBXGroup;
			children = (
				AFF57C5403FA5F2D29D79193 /* Pods_ParseTagram.framework */,
				1B80AA5699493C6CA6127F8D /* Pods_ParseTagram_ParseTagramUITests.framework */,
				EF5C782F23C637C038103E2A /* Pods_ParseTagramTests.framework */,
			);
			name = Frameworks;
			sourceTree = "<group>";
		};
/* End PBXGroup section */

/* Begin PBXNativeTarget section */
		1D62CA1A253BD5240000F656 /* ParseTagram */ = {
			isa = PBXNativeTarget;
			buildConfigurationList = 1D62CA45253BD5250000F656 /* Build configuration list for PBXNativeTarget "ParseTagram" */;
			buildPhases = (
				ECB242E29013E38E4AEE0C08 /* [CP] Check Pods Manifest.lock */,
				1D62CA17253BD5240000F656 /* Sources */,
				1D62CA18253BD5240000F656 /* Frameworks */,
				1D62CA19253BD5240000F656 /* Resources */,
				878C700F1207589D54B7F3E3 /* [CP] Embed Pods Frameworks */,
			);
			buildRules = (
			);
			dependencies = (
			);
			name = ParseTagram;
			productName = ParseTagram;
			productReference = 1D62CA1B253BD5240000F656 /* ParseTagram.app */;
			productType = "com.apple.product-type.application";
		};
		1D62CA30253BD5250000F656 /* ParseTagramTests */ = {
			isa = PBXNativeTarget;
			buildConfigurationList = 1D62CA48253BD5250000F656 /* Build configuration list for PBXNativeTarget "ParseTagramTests" */;
			buildPhases = (
				7707BCD50BCEAEC96756FB14 /* [CP] Check Pods Manifest.lock */,
				1D62CA2D253BD5250000F656 /* Sources */,
				1D62CA2E253BD5250000F656 /* Frameworks */,
				1D62CA2F253BD5250000F656 /* Resources */,
			);
			buildRules = (
			);
			dependencies = (
				1D62CA33253BD5250000F656 /* PBXTargetDependency */,
			);
			name = ParseTagramTests;
			productName = ParseTagramTests;
			productReference = 1D62CA31253BD5250000F656 /* ParseTagramTests.xctest */;
			productType = "com.apple.product-type.bundle.unit-test";
		};
		1D62CA3B253BD5250000F656 /* ParseTagramUITests */ = {
			isa = PBXNativeTarget;
			buildConfigurationList = 1D62CA4B253BD5250000F656 /* Build configuration list for PBXNativeTarget "ParseTagramUITests" */;
			buildPhases = (
				004259DAA10F5FF2BAED36B7 /* [CP] Check Pods Manifest.lock */,
				1D62CA38253BD5250000F656 /* Sources */,
				1D62CA39253BD5250000F656 /* Frameworks */,
				1D62CA3A253BD5250000F656 /* Resources */,
				07DD848CF5C2F2E7600189FA /* [CP] Embed Pods Frameworks */,
			);
			buildRules = (
			);
			dependencies = (
				1D62CA3E253BD5250000F656 /* PBXTargetDependency */,
			);
			name = ParseTagramUITests;
			productName = ParseTagramUITests;
			productReference = 1D62CA3C253BD5250000F656 /* ParseTagramUITests.xctest */;
			productType = "com.apple.product-type.bundle.ui-testing";
		};
/* End PBXNativeTarget section */

/* Begin PBXProject section */
		1D62CA13253BD5240000F656 /* Project object */ = {
			isa = PBXProject;
			attributes = {
				LastSwiftUpdateCheck = 1200;
				LastUpgradeCheck = 1200;
				TargetAttributes = {
					1D62CA1A253BD5240000F656 = {
						CreatedOnToolsVersion = 12.0.1;
					};
					1D62CA30253BD5250000F656 = {
						CreatedOnToolsVersion = 12.0.1;
						TestTargetID = 1D62CA1A253BD5240000F656;
					};
					1D62CA3B253BD5250000F656 = {
						CreatedOnToolsVersion = 12.0.1;
						TestTargetID = 1D62CA1A253BD5240000F656;
					};
				};
			};
			buildConfigurationList = 1D62CA16253BD5240000F656 /* Build configuration list for PBXProject "ParseTagram" */;
			compatibilityVersion = "Xcode 9.3";
			developmentRegion = en;
			hasScannedForEncodings = 0;
			knownRegions = (
				en,
				Base,
			);
			mainGroup = 1D62CA12253BD5240000F656;
			productRefGroup = 1D62CA1C253BD5240000F656 /* Products */;
			projectDirPath = "";
			projectRoot = "";
			targets = (
				1D62CA1A253BD5240000F656 /* ParseTagram */,
				1D62CA30253BD5250000F656 /* ParseTagramTests */,
				1D62CA3B253BD5250000F656 /* ParseTagramUITests */,
			);
		};
/* End PBXProject section */

/* Begin PBXResourcesBuildPhase section */
		1D62CA19253BD5240000F656 /* Resources */ = {
			isa = PBXResourcesBuildPhase;
			buildActionMask = 2147483647;
			files = (
				1D62CA2B253BD5250000F656 /* LaunchScreen.storyboard in Resources */,
				1D62CA28253BD5250000F656 /* Assets.xcassets in Resources */,
				1D5B8490254D2BC70010E818 /* update_profile_pic.gif in Resources */,
				1D5B848A254D2A620010E818 /* Login_logout_across_restarts.gif in Resources */,
				1D5B8496254D2F310010E818 /* login_more_deets.gif in Resources */,
				1D5B8497254D2F310010E818 /* change_profile_image_more_deets.gif in Resources */,
				1D62CA26253BD5240000F656 /* Main.storyboard in Resources */,
				1D5B848B254D2A620010E818 /* post_view_post.gif in Resources */,
			);
			runOnlyForDeploymentPostprocessing = 0;
		};
		1D62CA2F253BD5250000F656 /* Resources */ = {
			isa = PBXResourcesBuildPhase;
			buildActionMask = 2147483647;
			files = (
			);
			runOnlyForDeploymentPostprocessing = 0;
		};
		1D62CA3A253BD5250000F656 /* Resources */ = {
			isa = PBXResourcesBuildPhase;
			buildActionMask = 2147483647;
			files = (
			);
			runOnlyForDeploymentPostprocessing = 0;
		};
/* End PBXResourcesBuildPhase section */

/* Begin PBXShellScriptBuildPhase section */
		004259DAA10F5FF2BAED36B7 /* [CP] Check Pods Manifest.lock */ = {
			isa = PBXShellScriptBuildPhase;
			buildActionMask = 2147483647;
			files = (
			);
			inputFileListPaths = (
			);
			inputPaths = (
				"${PODS_PODFILE_DIR_PATH}/Podfile.lock",
				"${PODS_ROOT}/Manifest.lock",
			);
			name = "[CP] Check Pods Manifest.lock";
			outputFileListPaths = (
			);
			outputPaths = (
				"$(DERIVED_FILE_DIR)/Pods-ParseTagram-ParseTagramUITests-checkManifestLockResult.txt",
			);
			runOnlyForDeploymentPostprocessing = 0;
			shellPath = /bin/sh;
			shellScript = "diff \"${PODS_PODFILE_DIR_PATH}/Podfile.lock\" \"${PODS_ROOT}/Manifest.lock\" > /dev/null\nif [ $? != 0 ] ; then\n    # print error to STDERR\n    echo \"error: The sandbox is not in sync with the Podfile.lock. Run 'pod install' or update your CocoaPods installation.\" >&2\n    exit 1\nfi\n# This output is used by Xcode 'outputs' to avoid re-running this script phase.\necho \"SUCCESS\" > \"${SCRIPT_OUTPUT_FILE_0}\"\n";
			showEnvVarsInLog = 0;
		};
		07DD848CF5C2F2E7600189FA /* [CP] Embed Pods Frameworks */ = {
			isa = PBXShellScriptBuildPhase;
			buildActionMask = 2147483647;
			files = (
			);
			inputFileListPaths = (
				"${PODS_ROOT}/Target Support Files/Pods-ParseTagram-ParseTagramUITests/Pods-ParseTagram-ParseTagramUITests-frameworks-${CONFIGURATION}-input-files.xcfilelist",
			);
			name = "[CP] Embed Pods Frameworks";
			outputFileListPaths = (
				"${PODS_ROOT}/Target Support Files/Pods-ParseTagram-ParseTagramUITests/Pods-ParseTagram-ParseTagramUITests-frameworks-${CONFIGURATION}-output-files.xcfilelist",
			);
			runOnlyForDeploymentPostprocessing = 0;
			shellPath = /bin/sh;
			shellScript = "\"${PODS_ROOT}/Target Support Files/Pods-ParseTagram-ParseTagramUITests/Pods-ParseTagram-ParseTagramUITests-frameworks.sh\"\n";
			showEnvVarsInLog = 0;
		};
		7707BCD50BCEAEC96756FB14 /* [CP] Check Pods Manifest.lock */ = {
			isa = PBXShellScriptBuildPhase;
			buildActionMask = 2147483647;
			files = (
			);
			inputFileListPaths = (
			);
			inputPaths = (
				"${PODS_PODFILE_DIR_PATH}/Podfile.lock",
				"${PODS_ROOT}/Manifest.lock",
			);
			name = "[CP] Check Pods Manifest.lock";
			outputFileListPaths = (
			);
			outputPaths = (
				"$(DERIVED_FILE_DIR)/Pods-ParseTagramTests-checkManifestLockResult.txt",
			);
			runOnlyForDeploymentPostprocessing = 0;
			shellPath = /bin/sh;
			shellScript = "diff \"${PODS_PODFILE_DIR_PATH}/Podfile.lock\" \"${PODS_ROOT}/Manifest.lock\" > /dev/null\nif [ $? != 0 ] ; then\n    # print error to STDERR\n    echo \"error: The sandbox is not in sync with the Podfile.lock. Run 'pod install' or update your CocoaPods installation.\" >&2\n    exit 1\nfi\n# This output is used by Xcode 'outputs' to avoid re-running this script phase.\necho \"SUCCESS\" > \"${SCRIPT_OUTPUT_FILE_0}\"\n";
			showEnvVarsInLog = 0;
		};
		878C700F1207589D54B7F3E3 /* [CP] Embed Pods Frameworks */ = {
			isa = PBXShellScriptBuildPhase;
			buildActionMask = 2147483647;
			files = (
			);
			inputFileListPaths = (
				"${PODS_ROOT}/Target Support Files/Pods-ParseTagram/Pods-ParseTagram-frameworks-${CONFIGURATION}-input-files.xcfilelist",
			);
			name = "[CP] Embed Pods Frameworks";
			outputFileListPaths = (
				"${PODS_ROOT}/Target Support Files/Pods-ParseTagram/Pods-ParseTagram-frameworks-${CONFIGURATION}-output-files.xcfilelist",
			);
			runOnlyForDeploymentPostprocessing = 0;
			shellPath = /bin/sh;
			shellScript = "\"${PODS_ROOT}/Target Support Files/Pods-ParseTagram/Pods-ParseTagram-frameworks.sh\"\n";
			showEnvVarsInLog = 0;
		};
		ECB242E29013E38E4AEE0C08 /* [CP] Check Pods Manifest.lock */ = {
			isa = PBXShellScriptBuildPhase;
			buildActionMask = 2147483647;
			files = (
			);
			inputFileListPaths = (
			);
			inputPaths = (
				"${PODS_PODFILE_DIR_PATH}/Podfile.lock",
				"${PODS_ROOT}/Manifest.lock",
			);
			name = "[CP] Check Pods Manifest.lock";
			outputFileListPaths = (
			);
			outputPaths = (
				"$(DERIVED_FILE_DIR)/Pods-ParseTagram-checkManifestLockResult.txt",
			);
			runOnlyForDeploymentPostprocessing = 0;
			shellPath = /bin/sh;
			shellScript = "diff \"${PODS_PODFILE_DIR_PATH}/Podfile.lock\" \"${PODS_ROOT}/Manifest.lock\" > /dev/null\nif [ $? != 0 ] ; then\n    # print error to STDERR\n    echo \"error: The sandbox is not in sync with the Podfile.lock. Run 'pod install' or update your CocoaPods installation.\" >&2\n    exit 1\nfi\n# This output is used by Xcode 'outputs' to avoid re-running this script phase.\necho \"SUCCESS\" > \"${SCRIPT_OUTPUT_FILE_0}\"\n";
			showEnvVarsInLog = 0;
		};
/* End PBXShellScriptBuildPhase section */

/* Begin PBXSourcesBuildPhase section */
		1D62CA17253BD5240000F656 /* Sources */ = {
			isa = PBXSourcesBuildPhase;
			buildActionMask = 2147483647;
			files = (
				1D692D1B254C7C6E00A4B49C /* NewCommentTableViewCell.swift in Sources */,
				1D692D16254C7C3E00A4B49C /* ShowCommentTableViewCell.swift in Sources */,
				1D62CA5E253BE12D0000F656 /* LoginViewController.swift in Sources */,
				1D9AB7B02543622200DB267C /* FeedModel.swift in Sources */,
				1D62CA6C253BECF20000F656 /* CameraViewController.swift in Sources */,
				1D9AB7A6254339A300DB267C /* FeedTableViewCell.swift in Sources */,
				1D9AB7B52543A6B100DB267C /* Constants.swift in Sources */,
				1D62CA1F253BD5240000F656 /* AppDelegate.swift in Sources */,
				1D9AB7A1254338CB00DB267C /* FeedViewController.swift in Sources */,
				1D692D40254CF0CC00A4B49C /* ProfileModel.swift in Sources */,
				1D692D36254CEC9C00A4B49C /* ProfileCameraViewController.swift in Sources */,
				1D9AB7BA2543B88400DB267C /* AccountModel.swift in Sources */,
				1D692D31254CEA2800A4B49C /* ImageCollectionViewCell.swift in Sources */,
				1D692D3B254CED1600A4B49C /* Utility.swift in Sources */,
				1D692D2C254CE8A600A4B49C /* ProfileViewController.swift in Sources */,
				1D9AB7AB2543509400DB267C /* LoadingTableViewCell.swift in Sources */,
				1D62CA21253BD5240000F656 /* SceneDelegate.swift in Sources */,
			);
			runOnlyForDeploymentPostprocessing = 0;
		};
		1D62CA2D253BD5250000F656 /* Sources */ = {
			isa = PBXSourcesBuildPhase;
			buildActionMask = 2147483647;
			files = (
				1D62CA36253BD5250000F656 /* ParseTagramTests.swift in Sources */,
			);
			runOnlyForDeploymentPostprocessing = 0;
		};
		1D62CA38253BD5250000F656 /* Sources */ = {
			isa = PBXSourcesBuildPhase;
			buildActionMask = 2147483647;
			files = (
				1D62CA41253BD5250000F656 /* ParseTagramUITests.swift in Sources */,
			);
			runOnlyForDeploymentPostprocessing = 0;
		};
/* End PBXSourcesBuildPhase section */

/* Begin PBXTargetDependency section */
		1D62CA33253BD5250000F656 /* PBXTargetDependency */ = {
			isa = PBXTargetDependency;
			target = 1D62CA1A253BD5240000F656 /* ParseTagram */;
			targetProxy = 1D62CA32253BD5250000F656 /* PBXContainerItemProxy */;
		};
		1D62CA3E253BD5250000F656 /* PBXTargetDependency */ = {
			isa = PBXTargetDependency;
			target = 1D62CA1A253BD5240000F656 /* ParseTagram */;
			targetProxy = 1D62CA3D253BD5250000F656 /* PBXContainerItemProxy */;
		};
/* End PBXTargetDependency section */

/* Begin PBXVariantGroup section */
		1D62CA24253BD5240000F656 /* Main.storyboard */ = {
			isa = PBXVariantGroup;
			children = (
				1D62CA25253BD5240000F656 /* Base */,
			);
			name = Main.storyboard;
			sourceTree = "<group>";
		};
		1D62CA29253BD5250000F656 /* LaunchScreen.storyboard */ = {
			isa = PBXVariantGroup;
			children = (
				1D62CA2A253BD5250000F656 /* Base */,
			);
			name = LaunchScreen.storyboard;
			sourceTree = "<group>";
		};
/* End PBXVariantGroup section */

/* Begin XCBuildConfiguration section */
		1D62CA43253BD5250000F656 /* Debug */ = {
			isa = XCBuildConfiguration;
			buildSettings = {
				ALWAYS_SEARCH_USER_PATHS = NO;
				CLANG_ANALYZER_NONNULL = YES;
				CLANG_ANALYZER_NUMBER_OBJECT_CONVERSION = YES_AGGRESSIVE;
				CLANG_CXX_LANGUAGE_STANDARD = "gnu++14";
				CLANG_CXX_LIBRARY = "libc++";
				CLANG_ENABLE_MODULES = YES;
				CLANG_ENABLE_OBJC_ARC = YES;
				CLANG_ENABLE_OBJC_WEAK = YES;
				CLANG_WARN_BLOCK_CAPTURE_AUTORELEASING = YES;
				CLANG_WARN_BOOL_CONVERSION = YES;
				CLANG_WARN_COMMA = YES;
				CLANG_WARN_CONSTANT_CONVERSION = YES;
				CLANG_WARN_DEPRECATED_OBJC_IMPLEMENTATIONS = YES;
				CLANG_WARN_DIRECT_OBJC_ISA_USAGE = YES_ERROR;
				CLANG_WARN_DOCUMENTATION_COMMENTS = YES;
				CLANG_WARN_EMPTY_BODY = YES;
				CLANG_WARN_ENUM_CONVERSION = YES;
				CLANG_WARN_INFINITE_RECURSION = YES;
				CLANG_WARN_INT_CONVERSION = YES;
				CLANG_WARN_NON_LITERAL_NULL_CONVERSION = YES;
				CLANG_WARN_OBJC_IMPLICIT_RETAIN_SELF = YES;
				CLANG_WARN_OBJC_LITERAL_CONVERSION = YES;
				CLANG_WARN_OBJC_ROOT_CLASS = YES_ERROR;
				CLANG_WARN_QUOTED_INCLUDE_IN_FRAMEWORK_HEADER = YES;
				CLANG_WARN_RANGE_LOOP_ANALYSIS = YES;
				CLANG_WARN_STRICT_PROTOTYPES = YES;
				CLANG_WARN_SUSPICIOUS_MOVE = YES;
				CLANG_WARN_UNGUARDED_AVAILABILITY = YES_AGGRESSIVE;
				CLANG_WARN_UNREACHABLE_CODE = YES;
				CLANG_WARN__DUPLICATE_METHOD_MATCH = YES;
				COPY_PHASE_STRIP = NO;
				DEBUG_INFORMATION_FORMAT = dwarf;
				ENABLE_STRICT_OBJC_MSGSEND = YES;
				ENABLE_TESTABILITY = YES;
				GCC_C_LANGUAGE_STANDARD = gnu11;
				GCC_DYNAMIC_NO_PIC = NO;
				GCC_NO_COMMON_BLOCKS = YES;
				GCC_OPTIMIZATION_LEVEL = 0;
				GCC_PREPROCESSOR_DEFINITIONS = (
					"DEBUG=1",
					"$(inherited)",
				);
				GCC_WARN_64_TO_32_BIT_CONVERSION = YES;
				GCC_WARN_ABOUT_RETURN_TYPE = YES_ERROR;
				GCC_WARN_UNDECLARED_SELECTOR = YES;
				GCC_WARN_UNINITIALIZED_AUTOS = YES_AGGRESSIVE;
				GCC_WARN_UNUSED_FUNCTION = YES;
				GCC_WARN_UNUSED_VARIABLE = YES;
				IPHONEOS_DEPLOYMENT_TARGET = 14.0;
				MTL_ENABLE_DEBUG_INFO = INCLUDE_SOURCE;
				MTL_FAST_MATH = YES;
				ONLY_ACTIVE_ARCH = YES;
				SDKROOT = iphoneos;
				SWIFT_ACTIVE_COMPILATION_CONDITIONS = DEBUG;
				SWIFT_OPTIMIZATION_LEVEL = "-Onone";
			};
			name = Debug;
		};
		1D62CA44253BD5250000F656 /* Release */ = {
			isa = XCBuildConfiguration;
			buildSettings = {
				ALWAYS_SEARCH_USER_PATHS = NO;
				CLANG_ANALYZER_NONNULL = YES;
				CLANG_ANALYZER_NUMBER_OBJECT_CONVERSION = YES_AGGRESSIVE;
				CLANG_CXX_LANGUAGE_STANDARD = "gnu++14";
				CLANG_CXX_LIBRARY = "libc++";
				CLANG_ENABLE_MODULES = YES;
				CLANG_ENABLE_OBJC_ARC = YES;
				CLANG_ENABLE_OBJC_WEAK = YES;
				CLANG_WARN_BLOCK_CAPTURE_AUTORELEASING = YES;
				CLANG_WARN_BOOL_CONVERSION = YES;
				CLANG_WARN_COMMA = YES;
				CLANG_WARN_CONSTANT_CONVERSION = YES;
				CLANG_WARN_DEPRECATED_OBJC_IMPLEMENTATIONS = YES;
				CLANG_WARN_DIRECT_OBJC_ISA_USAGE = YES_ERROR;
				CLANG_WARN_DOCUMENTATION_COMMENTS = YES;
				CLANG_WARN_EMPTY_BODY = YES;
				CLANG_WARN_ENUM_CONVERSION = YES;
				CLANG_WARN_INFINITE_RECURSION = YES;
				CLANG_WARN_INT_CONVERSION = YES;
				CLANG_WARN_NON_LITERAL_NULL_CONVERSION = YES;
				CLANG_WARN_OBJC_IMPLICIT_RETAIN_SELF = YES;
				CLANG_WARN_OBJC_LITERAL_CONVERSION = YES;
				CLANG_WARN_OBJC_ROOT_CLASS = YES_ERROR;
				CLANG_WARN_QUOTED_INCLUDE_IN_FRAMEWORK_HEADER = YES;
				CLANG_WARN_RANGE_LOOP_ANALYSIS = YES;
				CLANG_WARN_STRICT_PROTOTYPES = YES;
				CLANG_WARN_SUSPICIOUS_MOVE = YES;
				CLANG_WARN_UNGUARDED_AVAILABILITY = YES_AGGRESSIVE;
				CLANG_WARN_UNREACHABLE_CODE = YES;
				CLANG_WARN__DUPLICATE_METHOD_MATCH = YES;
				COPY_PHASE_STRIP = NO;
				DEBUG_INFORMATION_FORMAT = "dwarf-with-dsym";
				ENABLE_NS_ASSERTIONS = NO;
				ENABLE_STRICT_OBJC_MSGSEND = YES;
				GCC_C_LANGUAGE_STANDARD = gnu11;
				GCC_NO_COMMON_BLOCKS = YES;
				GCC_WARN_64_TO_32_BIT_CONVERSION = YES;
				GCC_WARN_ABOUT_RETURN_TYPE = YES_ERROR;
				GCC_WARN_UNDECLARED_SELECTOR = YES;
				GCC_WARN_UNINITIALIZED_AUTOS = YES_AGGRESSIVE;
				GCC_WARN_UNUSED_FUNCTION = YES;
				GCC_WARN_UNUSED_VARIABLE = YES;
				IPHONEOS_DEPLOYMENT_TARGET = 14.0;
				MTL_ENABLE_DEBUG_INFO = NO;
				MTL_FAST_MATH = YES;
				SDKROOT = iphoneos;
				SWIFT_COMPILATION_MODE = wholemodule;
				SWIFT_OPTIMIZATION_LEVEL = "-O";
				VALIDATE_PRODUCT = YES;
			};
			name = Release;
		};
		1D62CA46253BD5250000F656 /* Debug */ = {
			isa = XCBuildConfiguration;
			baseConfigurationReference = B9070B1CD6D484730FB9A275 /* Pods-ParseTagram.debug.xcconfig */;
			buildSettings = {
				ASSETCATALOG_COMPILER_APPICON_NAME = AppIcon;
				ASSETCATALOG_COMPILER_GLOBAL_ACCENT_COLOR_NAME = AccentColor;
				CODE_SIGN_STYLE = Automatic;
				DEVELOPMENT_TEAM = JDH254PXRC;
				INFOPLIST_FILE = ParseTagram/Info.plist;
				LD_RUNPATH_SEARCH_PATHS = (
					"$(inherited)",
					"@executable_path/Frameworks",
				);
				PRODUCT_BUNDLE_IDENTIFIER = Codepath.ParseTagram;
				PRODUCT_NAME = "$(TARGET_NAME)";
				SWIFT_VERSION = 5.0;
				TARGETED_DEVICE_FAMILY = "1,2";
			};
			name = Debug;
		};
		1D62CA47253BD5250000F656 /* Release */ = {
			isa = XCBuildConfiguration;
			baseConfigurationReference = 6D140AB882500D1809CA49E0 /* Pods-ParseTagram.release.xcconfig */;
			buildSettings = {
				ASSETCATALOG_COMPILER_APPICON_NAME = AppIcon;
				ASSETCATALOG_COMPILER_GLOBAL_ACCENT_COLOR_NAME = AccentColor;
				CODE_SIGN_STYLE = Automatic;
				DEVELOPMENT_TEAM = JDH254PXRC;
				INFOPLIST_FILE = ParseTagram/Info.plist;
				LD_RUNPATH_SEARCH_PATHS = (
					"$(inherited)",
					"@executable_path/Frameworks",
				);
				PRODUCT_BUNDLE_IDENTIFIER = Codepath.ParseTagram;
				PRODUCT_NAME = "$(TARGET_NAME)";
				SWIFT_VERSION = 5.0;
				TARGETED_DEVICE_FAMILY = "1,2";
			};
			name = Release;
		};
		1D62CA49253BD5250000F656 /* Debug */ = {
			isa = XCBuildConfiguration;
			baseConfigurationReference = 7E29F22C1C11F912BD5ECB68 /* Pods-ParseTagramTests.debug.xcconfig */;
			buildSettings = {
				ALWAYS_EMBED_SWIFT_STANDARD_LIBRARIES = YES;
				BUNDLE_LOADER = "$(TEST_HOST)";
				CODE_SIGN_STYLE = Automatic;
				DEVELOPMENT_TEAM = JDH254PXRC;
				INFOPLIST_FILE = ParseTagramTests/Info.plist;
				IPHONEOS_DEPLOYMENT_TARGET = 14.0;
				LD_RUNPATH_SEARCH_PATHS = (
					"$(inherited)",
					"@executable_path/Frameworks",
					"@loader_path/Frameworks",
				);
				PRODUCT_BUNDLE_IDENTIFIER = Codepath.ParseTagramTests;
				PRODUCT_NAME = "$(TARGET_NAME)";
				SWIFT_VERSION = 5.0;
				TARGETED_DEVICE_FAMILY = "1,2";
				TEST_HOST = "$(BUILT_PRODUCTS_DIR)/ParseTagram.app/ParseTagram";
			};
			name = Debug;
		};
		1D62CA4A253BD5250000F656 /* Release */ = {
			isa = XCBuildConfiguration;
			baseConfigurationReference = ADF93A24F95BC274BF8ACF6D /* Pods-ParseTagramTests.release.xcconfig */;
			buildSettings = {
				ALWAYS_EMBED_SWIFT_STANDARD_LIBRARIES = YES;
				BUNDLE_LOADER = "$(TEST_HOST)";
				CODE_SIGN_STYLE = Automatic;
				DEVELOPMENT_TEAM = JDH254PXRC;
				INFOPLIST_FILE = ParseTagramTests/Info.plist;
				IPHONEOS_DEPLOYMENT_TARGET = 14.0;
				LD_RUNPATH_SEARCH_PATHS = (
					"$(inherited)",
					"@executable_path/Frameworks",
					"@loader_path/Frameworks",
				);
				PRODUCT_BUNDLE_IDENTIFIER = Codepath.ParseTagramTests;
				PRODUCT_NAME = "$(TARGET_NAME)";
				SWIFT_VERSION = 5.0;
				TARGETED_DEVICE_FAMILY = "1,2";
				TEST_HOST = "$(BUILT_PRODUCTS_DIR)/ParseTagram.app/ParseTagram";
			};
			name = Release;
		};
		1D62CA4C253BD5250000F656 /* Debug */ = {
			isa = XCBuildConfiguration;
			baseConfigurationReference = BA8439910CC6021F6F8589D4 /* Pods-ParseTagram-ParseTagramUITests.debug.xcconfig */;
			buildSettings = {
				ALWAYS_EMBED_SWIFT_STANDARD_LIBRARIES = YES;
				CODE_SIGN_STYLE = Automatic;
				DEVELOPMENT_TEAM = JDH254PXRC;
				INFOPLIST_FILE = ParseTagramUITests/Info.plist;
				LD_RUNPATH_SEARCH_PATHS = (
					"$(inherited)",
					"@executable_path/Frameworks",
					"@loader_path/Frameworks",
				);
				PRODUCT_BUNDLE_IDENTIFIER = Codepath.ParseTagramUITests;
				PRODUCT_NAME = "$(TARGET_NAME)";
				SWIFT_VERSION = 5.0;
				TARGETED_DEVICE_FAMILY = "1,2";
				TEST_TARGET_NAME = ParseTagram;
			};
			name = Debug;
		};
		1D62CA4D253BD5250000F656 /* Release */ = {
			isa = XCBuildConfiguration;
			baseConfigurationReference = DFEDB6B8D9D2C91FBD51BEA2 /* Pods-ParseTagram-ParseTagramUITests.release.xcconfig */;
			buildSettings = {
				ALWAYS_EMBED_SWIFT_STANDARD_LIBRARIES = YES;
				CODE_SIGN_STYLE = Automatic;
				DEVELOPMENT_TEAM = JDH254PXRC;
				INFOPLIST_FILE = ParseTagramUITests/Info.plist;
				LD_RUNPATH_SEARCH_PATHS = (
					"$(inherited)",
					"@executable_path/Frameworks",
					"@loader_path/Frameworks",
				);
				PRODUCT_BUNDLE_IDENTIFIER = Codepath.ParseTagramUITests;
				PRODUCT_NAME = "$(TARGET_NAME)";
				SWIFT_VERSION = 5.0;
				TARGETED_DEVICE_FAMILY = "1,2";
				TEST_TARGET_NAME = ParseTagram;
			};
			name = Release;
		};
/* End XCBuildConfiguration section */

/* Begin XCConfigurationList section */
		1D62CA16253BD5240000F656 /* Build configuration list for PBXProject "ParseTagram" */ = {
			isa = XCConfigurationList;
			buildConfigurations = (
				1D62CA43253BD5250000F656 /* Debug */,
				1D62CA44253BD5250000F656 /* Release */,
			);
			defaultConfigurationIsVisible = 0;
			defaultConfigurationName = Release;
		};
		1D62CA45253BD5250000F656 /* Build configuration list for PBXNativeTarget "ParseTagram" */ = {
			isa = XCConfigurationList;
			buildConfigurations = (
				1D62CA46253BD5250000F656 /* Debug */,
				1D62CA47253BD5250000F656 /* Release */,
			);
			defaultConfigurationIsVisible = 0;
			defaultConfigurationName = Release;
		};
		1D62CA48253BD5250000F656 /* Build configuration list for PBXNativeTarget "ParseTagramTests" */ = {
			isa = XCConfigurationList;
			buildConfigurations = (
				1D62CA49253BD5250000F656 /* Debug */,
				1D62CA4A253BD5250000F656 /* Release */,
			);
			defaultConfigurationIsVisible = 0;
			defaultConfigurationName = Release;
		};
		1D62CA4B253BD5250000F656 /* Build configuration list for PBXNativeTarget "ParseTagramUITests" */ = {
			isa = XCConfigurationList;
			buildConfigurations = (
				1D62CA4C253BD5250000F656 /* Debug */,
				1D62CA4D253BD5250000F656 /* Release */,
			);
			defaultConfigurationIsVisible = 0;
			defaultConfigurationName = Release;
		};
/* End XCConfigurationList section */
	};
	rootObject = 1D62CA13253BD5240000F656 /* Project object */;
}
